
Microsoft Visual Studio Solution File, Format Version 12.00
# Visual Studio Version 16
VisualStudioVersion = 16.0.30804.86
MinimumVisualStudioVersion = 10.0.40219.1
Project("{FAE04EC0-301F-11D3-BF4B-00C04F79EFBC}") = "SwipeViewDemoSimple.Android", "SwipeViewDemoSimple\SwipeViewDemoSimple.Android\SwipeViewDemoSimple.Android.csproj", "{61CCA146-7FFF-4718-994A-E9A9EFCD54A7}"
EndProject
Project("{FAE04EC0-301F-11D3-BF4B-00C04F79EFBC}") = "SwipeViewDemoSimple.iOS", "SwipeViewDemoSimple\SwipeViewDemoSimple.iOS\SwipeViewDemoSimple.iOS.csproj", "{26966D86-08F8-4C29-A031-6AE25AA7F66D}"
EndProject
Project("{FAE04EC0-301F-11D3-BF4B-00C04F79EFBC}") = "SwipeViewDemoSimple", "SwipeViewDemoSimple\SwipeViewDemoSimple\SwipeViewDemoSimple.csproj", "{5D4E9ADE-0A79-4F44-80A4-923617DC6EB2}"
EndProject
Global
	GlobalSection(SolutionConfigurationPlatforms) = preSolution
		Debug|Any CPU = Debug|Any CPU
		Debug|iPhone = Debug|iPhone
		Debug|iPhoneSimulator = Debug|iPhoneSimulator
		Release|Any CPU = Release|Any CPU
		Release|iPhone = Release|iPhone
		Release|iPhoneSimulator = Release|iPhoneSimulator
	EndGlobalSection
	GlobalSection(ProjectConfigurationPlatforms) = postSolution
		{61CCA146-7FFF-4718-994A-E9A9EFCD54A7}.Debug|Any CPU.ActiveCfg = Debug|Any CPU
		{61CCA146-7FFF-4718-994A-E9A9EFCD54A7}.Debug|Any CPU.Build.0 = Debug|Any CPU
		{61CCA146-7FFF-4718-994A-E9A9EFCD54A7}.Debug|Any CPU.Deploy.0 = Debug|Any CPU
		{61CCA146-7FFF-4718-994A-E9A9EFCD54A7}.Debug|iPhone.ActiveCfg = Debug|Any CPU
		{61CCA146-7FFF-4718-994A-E9A9EFCD54A7}.Debug|iPhone.Build.0 = Debug|Any CPU
		{61CCA146-7FFF-4718-994A-E9A9EFCD54A7}.Debug|iPhone.Deploy.0 = Debug|Any CPU
		{61CCA146-7FFF-4718-994A-E9A9EFCD54A7}.Debug|iPhoneSimulator.ActiveCfg = Debug|Any CPU
		{61CCA146-7FFF-4718-994A-E9A9EFCD54A7}.Debug|iPhoneSimulator.Build.0 = Debug|Any CPU
		{61CCA146-7FFF-4718-994A-E9A9EFCD54A7}.Debug|iPhoneSimulator.Deploy.0 = Debug|Any CPU
		{61CCA146-7FFF-4718-994A-E9A9EFCD54A7}.Release|Any CPU.ActiveCfg = Release|Any CPU
		{61CCA146-7FFF-4718-994A-E9A9EFCD54A7}.Release|Any CPU.Build.0 = Release|Any CPU
		{61CCA146-7FFF-4718-994A-E9A9EFCD54A7}.Release|Any CPU.Deploy.0 = Release|Any CPU
		{61CCA146-7FFF-4718-994A-E9A9EFCD54A7}.Release|iPhone.ActiveCfg = Release|Any CPU
		{61CCA146-7FFF-4718-994A-E9A9EFCD54A7}.Release|iPhone.Build.0 = Release|Any CPU
		{61CCA146-7FFF-4718-994A-E9A9EFCD54A7}.Release|iPhone.Deploy.0 = Release|Any CPU
		{61CCA146-7FFF-4718-994A-E9A9EFCD54A7}.Release|iPhoneSimulator.ActiveCfg = Release|Any CPU
		{61CCA146-7FFF-4718-994A-E9A9EFCD54A7}.Release|iPhoneSimulator.Build.0 = Release|Any CPU
		{61CCA146-7FFF-4718-994A-E9A9EFCD54A7}.Release|iPhoneSimulator.Deploy.0 = Release|Any CPU
		{26966D86-08F8-4C29-A031-6AE25AA7F66D}.Debug|Any CPU.ActiveCfg = Debug|iPhone
		{26966D86-08F8-4C29-A031-6AE25AA7F66D}.Debug|Any CPU.Build.0 = Debug|iPhone
		{26966D86-08F8-4C29-A031-6AE25AA7F66D}.Debug|Any CPU.Deploy.0 = Debug|iPhone
		{26966D86-08F8-4C29-A031-6AE25AA7F66D}.Debug|iPhone.ActiveCfg = Debug|iPhone
		{26966D86-08F8-4C29-A031-6AE25AA7F66D}.Debug|iPhone.Build.0 = Debug|iPhone
		{26966D86-08F8-4C29-A031-6AE25AA7F66D}.Debug|iPhone.Deploy.0 = Debug|iPhone
		{26966D86-08F8-4C29-A031-6AE25AA7F66D}.Debug|iPhoneSimulator.ActiveCfg = Debug|iPhoneSimulator
		{26966D86-08F8-4C29-A031-6AE25AA7F66D}.Debug|iPhoneSimulator.Build.0 = Debug|iPhoneSimulator
		{26966D86-08F8-4C29-A031-6AE25AA7F66D}.Debug|iPhoneSimulator.Deploy.0 = Debug|iPhoneSimulator
		{26966D86-08F8-4C29-A031-6AE25AA7F66D}.Release|Any CPU.ActiveCfg = Release|iPhoneSimulator
		{26966D86-08F8-4C29-A031-6AE25AA7F66D}.Release|Any CPU.Build.0 = Release|iPhoneSimulator
		{26966D86-08F8-4C29-A031-6AE25AA7F66D}.Release|Any CPU.Deploy.0 = Release|iPhoneSimulator
		{26966D86-08F8-4C29-A031-6AE25AA7F66D}.Release|iPhone.ActiveCfg = Release|iPhone
		{26966D86-08F8-4C29-A031-6AE25AA7F66D}.Release|iPhone.Build.0 = Release|iPhone
		{26966D86-08F8-4C29-A031-6AE25AA7F66D}.Release|iPhone.Deploy.0 = Release|iPhone
		{26966D86-08F8-4C29-A031-6AE25AA7F66D}.Release|iPhoneSimulator.ActiveCfg = Release|iPhoneSimulator
		{26966D86-08F8-4C29-A031-6AE25AA7F66D}.Release|iPhoneSimulator.Build.0 = Release|iPhoneSimulator
		{26966D86-08F8-4C29-A031-6AE25AA7F66D}.Release|iPhoneSimulator.Deploy.0 = Release|iPhoneSimulator
		{5D4E9ADE-0A79-4F44-80A4-923617DC6EB2}.Debug|Any CPU.ActiveCfg = Debug|Any CPU
		{5D4E9ADE-0A79-4F44-80A4-923617DC6EB2}.Debug|Any CPU.Build.0 = Debug|Any CPU
		{5D4E9ADE-0A79-4F44-80A4-923617DC6EB2}.Debug|Any CPU.Deploy.0 = Debug|Any CPU
		{5D4E9ADE-0A79-4F44-80A4-923617DC6EB2}.Debug|iPhone.ActiveCfg = Debug|Any CPU
		{5D4E9ADE-0A79-4F44-80A4-923617DC6EB2}.Debug|iPhone.Build.0 = Debug|Any CPU
		{5D4E9ADE-0A79-4F44-80A4-923617DC6EB2}.Debug|iPhone.Deploy.0 = Debug|Any CPU
		{5D4E9ADE-0A79-4F44-80A4-923617DC6EB2}.Debug|iPhoneSimulator.ActiveCfg = Debug|Any CPU
		{5D4E9ADE-0A79-4F44-80A4-923617DC6EB2}.Debug|iPhoneSimulator.Build.0 = Debug|Any CPU
		{5D4E9ADE-0A79-4F44-80A4-923617DC6EB2}.Debug|iPhoneSimulator.Deploy.0 = Debug|Any CPU
		{5D4E9ADE-0A79-4F44-80A4-923617DC6EB2}.Release|Any CPU.ActiveCfg = Release|Any CPU
		{5D4E9ADE-0A79-4F44-80A4-923617DC6EB2}.Release|Any CPU.Build.0 = Release|Any CPU
		{5D4E9ADE-0A79-4F44-80A4-923617DC6EB2}.Release|Any CPU.Deploy.0 = Release|Any CPU
		{5D4E9ADE-0A79-4F44-80A4-923617DC6EB2}.Release|iPhone.ActiveCfg = Release|Any CPU
		{5D4E9ADE-0A79-4F44-80A4-923617DC6EB2}.Release|iPhone.Build.0 = Release|Any CPU
		{5D4E9ADE-0A79-4F44-80A4-923617DC6EB2}.Release|iPhone.Deploy.0 = Release|Any CPU
		{5D4E9ADE-0A79-4F44-80A4-923617DC6EB2}.Release|iPhoneSimulator.ActiveCfg = Release|Any CPU
		{5D4E9ADE-0A79-4F44-80A4-923617DC6EB2}.Release|iPhoneSimulator.Build.0 = Release|Any CPU
		{5D4E9ADE-0A79-4F44-80A4-923617DC6EB2}.Release|iPhoneSimulator.Deploy.0 = Release|Any CPU
	EndGlobalSection
	GlobalSection(SolutionProperties) = preSolution
		HideSolutionNode = FALSE
	EndGlobalSection
	GlobalSection(ExtensibilityGlobals) = postSolution
		SolutionGuid = {A639E146-427B-463F-9812-B1DD239C9573}
	EndGlobalSection
EndGlobal
